{
  "nodes": {
    "cachyos-kernel": {
      "flake": false,
      "locked": {
        "lastModified": 1783566754,
        "narHash": "sha256-EyVTx67qTNB2utnXRUgOWnaZxV6c07XE2rVCq/qgWxI=",
        "owner": "CachyOS",
        "repo": "linux-cachyos",
        "rev": "4065d7e175fb182a2e30b982b0d8121c97c8d46b",
        "type": "github"
      },
      "original": {
        "owner": "CachyOS",
        "repo": "linux-cachyos",
        "type": "github"
      }
    },
    "cachyos-kernel-patches": {
      "flake": false,
      "locked": {
        "lastModified": 1783564544,
        "narHash": "sha256-oOgjJXRLkTDfOcgPQpHF7MwIBPOf1pHT77EC/YVfkm4=",
        "owner": "CachyOS",
        "repo": "kernel-patches",
        "rev": "c624c9c8cffc11dd619a7d37f903556c60d24e9c",
        "type": "github"
      },
      "original": {
        "owner": "CachyOS",
        "repo": "kernel-patches",
        "type": "github"
      }
    },
    "dank-qml-common": {
      "flake": false,
      "locked": {
        "lastModified": 1784386873,
        "narHash": "sha256-n0LKLirPnNSXYxElK1IpnybEwU0nnyso4kpsEFX88U0=",
        "owner": "AvengeMedia",
        "repo": "dank-qml-common",
        "rev": "4fa313766ab5cd2766be0f87a163305ca9af6faf",
        "type": "github"
      },
      "original": {
        "owner": "AvengeMedia",
        "repo": "dank-qml-common",
        "type": "github"
      }
    },
    "dgop": {
      "inputs": {
        "nixpkgs": [
          "nixpkgs"
        ]
      },
      "locked": {
        "lastModified": 1784432656,
        "narHash": "sha256-rtvxOgXfrcG7ObcnUZTiYt/aSrFVfAzlI7NR/lQ1s0U=",
        "owner": "AvengeMedia",
        "repo": "dgop",
        "rev": "267c9d25adb784a4ac2daa90eae0c281074ea03f",
        "type": "github"
      },
      "original": {
        "owner": "AvengeMedia",
        "repo": "dgop",
        "type": "github"
      }
    },
    "dms": {
      "inputs": {
        "dank-qml-common": "dank-qml-common",
        "flake-compat": "flake-compat",
        "nixpkgs": [
          "nixpkgs"
        ]
      },
      "locked": {
        "lastModified": 1784403741,
        "narHash": "sha256-ppzoTAAIW7x0y3z3JHHq1LKwH6dvzMY7cVKifCaKdqU=",
        "owner": "AvengeMedia",
        "repo": "DankMaterialShell",
        "rev": "069df80b22996adaff5d2f1afa96fa8d50d7a1f6",
        "type": "github"
      },
      "original": {
        "owner": "AvengeMedia",
        "repo": "DankMaterialShell",
        "type": "github"
      }
    },
    "flake-compat": {
      "flake": false,
      "locked": {
        "lastModified": 1767039857,
        "narHash": "sha256-vNpUSpF5Nuw8xvDLj2KCwwksIbjua2LZCqhV1LNRDns=",
        "owner": "NixOS",
        "repo": "flake-compat",
        "rev": "5edf11c44bc78a0d334f6334cdaf7d60d732daab",
        "type": "github"
      },
      "original": {
        "owner": "NixOS",
        "repo": "flake-compat",
        "type": "github"
      }
    },
    "flake-compat_2": {
      "flake": false,
      "locked": {
        "lastModified": 1767039857,
        "narHash": "sha256-vNpUSpF5Nuw8xvDLj2KCwwksIbjua2LZCqhV1LNRDns=",
        "owner": "NixOS",
        "repo": "flake-compat",
        "rev": "5edf11c44bc78a0d334f6334cdaf7d60d732daab",
        "type": "github"
      },
      "original": {
        "owner": "NixOS",
        "repo": "flake-compat",
        "type": "github"
      }
    },
    "flake-parts": {
      "inputs": {
        "nixpkgs-lib": "nixpkgs-lib"
      },
      "locked": {
        "lastModified": 1782949081,
        "narHash": "sha256-vp6Y/Grm98ESt6ceOkWiHWyZRDV3J1RID4w+6NWK9yA=",
        "owner": "hercules-ci",
        "repo": "flake-parts",
        "rev": "17c9d6cdfc60c64f4ee8d306f9bc0b4ccb51481e",
        "type": "github"
      },
      "original": {
        "owner": "hercules-ci",
        "repo": "flake-parts",
        "type": "github"
      }
    },
    "flake-parts_2": {
      "inputs": {
        "nixpkgs-lib": "nixpkgs-lib_2"
      },
      "locked": {
        "lastModified": 1782949081,
        "narHash": "sha256-vp6Y/Grm98ESt6ceOkWiHWyZRDV3J1RID4w+6NWK9yA=",
        "owner": "hercules-ci",
        "repo": "flake-parts",
        "rev": "17c9d6cdfc60c64f4ee8d306f9bc0b4ccb51481e",
        "type": "github"
      },
      "original": {
        "owner": "hercules-ci",
        "repo": "flake-parts",
        "type": "github"
      }
    },
    "flake-parts_3": {
      "inputs": {
        "nixpkgs-lib": [
          "nur",
          "nixpkgs"
        ]
      },
      "locked": {
        "lastModified": 1733312601,
        "narHash": "sha256-4pDvzqnegAfRkPwO3wmwBhVi/Sye1mzps0zHWYnP88c=",
        "owner": "hercules-ci",
        "repo": "flake-parts",
        "rev": "205b12d8b7cd4802fbcb8e8ef6a0f1408781a4f9",
        "type": "github"
      },
      "original": {
        "owner": "hercules-ci",
        "repo": "flake-parts",
        "type": "github"
      }
    },
    "flake-utils": {
      "inputs": {
        "systems": "systems"
      },
      "locked": {
        "lastModified": 1731533236,
        "narHash": "sha256-l0KFg5HjrsfsO/JpG+r7fRrqm12kzFHyUHqHCVpMMbI=",
        "owner": "numtide",
        "repo": "flake-utils",
        "rev": "11707dc2f618dd54ca8739b309ec4fc024de578b",
        "type": "github"
      },
      "original": {
        "owner": "numtide",
        "repo": "flake-utils",
        "type": "github"
      }
    },
    "flake-utils_2": {
      "inputs": {
        "systems": [
          "mango",
          "scenefx",
          "systems"
        ]
      },
      "locked": {
        "lastModified": 1731533236,
        "narHash": "sha256-l0KFg5HjrsfsO/JpG+r7fRrqm12kzFHyUHqHCVpMMbI=",
        "owner": "numtide",
        "repo": "flake-utils",
        "rev": "11707dc2f618dd54ca8739b309ec4fc024de578b",
        "type": "github"
      },
      "original": {
        "owner": "numtide",
        "repo": "flake-utils",
        "type": "github"
      }
    },
    "gsr-ui-nix": {
      "inputs": {
        "flake-utils": "flake-utils",
        "nixpkgs": [
          "nixpkgs"
        ]
      },
      "locked": {
        "lastModified": 1784064149,
        "narHash": "sha256-yJ+YH7ZjNTnU33wnNRs21dGILG+5Ewt2s+B4OAi8SOU=",
        "owner": "rPlakama",
        "repo": "gsr-ui-nix",
        "rev": "42838d89e48b5c32bcf0e6a670e5daaa084229dc",
        "type": "github"
      },
      "original": {
        "owner": "rPlakama",
        "repo": "gsr-ui-nix",
        "type": "github"
      }
    },
    "helium": {
      "inputs": {
        "nixpkgs": [
          "nixpkgs"
        ],
        "nixpkgs-darwin": "nixpkgs-darwin",
        "utils": "utils"
      },
      "locked": {
        "lastModified": 1784431410,
        "narHash": "sha256-G671MLe+jUgQWte0S182mDB8vlxfbyY9hH88N5ZjLXU=",
        "owner": "schembriaiden",
        "repo": "helium-browser-nix-flake",
        "rev": "52e6bfd6e6b5eaab2e96095f7d936e5bf6a72f24",
        "type": "github"
      },
      "original": {
        "owner": "schembriaiden",
        "repo": "helium-browser-nix-flake",
        "type": "github"
      }
    },
    "home-manager": {
      "inputs": {
        "nixpkgs": [
          "nixpkgs"
        ]
      },
      "locked": {
        "lastModified": 1784407317,
        "narHash": "sha256-iZrxHToDJWnvt+5LGAtvuQMTy1NZYlNEKbKaVtBJNcc=",
        "owner": "nix-community",
        "repo": "home-manager",
        "rev": "39411a8e12a5526d992e65bc7e3dc9a4414d6713",
        "type": "github"
      },
      "original": {
        "owner": "nix-community",
        "ref": "master",
        "repo": "home-manager",
        "type": "github"
      }
    },
    "home-manager_2": {
      "inputs": {
        "nixpkgs": [
          "plasma-manager",
          "nixpkgs"
        ]
      },
      "locked": {
        "lastModified": 1756579987,
        "narHash": "sha256-duCce8zGsaMsrqqOmLOsuaV1PVIw/vXWnKuLKZClsGg=",
        "owner": "nix-community",
        "repo": "home-manager",
        "rev": "99a69bdf8a3c6bf038c4121e9c4b6e99706a187a",
        "type": "github"
      },
      "original": {
        "owner": "nix-community",
        "repo": "home-manager",
        "type": "github"
      }
    },
    "kwin-effects-glass": {
      "inputs": {
        "nixpkgs": [
          "nixpkgs"
        ],
        "utils": "utils_2"
      },
      "locked": {
        "lastModified": 1784158548,
        "narHash": "sha256-Qqf6ekpySRWzXRRytUpIrkz4ZYSyDi6CA0OCBW4oLw4=",
        "owner": "4v3ngR",
        "repo": "kwin-effects-glass",
        "rev": "6f771b346cbbc226b538bf5ef8a7e0847996bcb5",
        "type": "github"
      },
      "original": {
        "owner": "4v3ngR",
        "repo": "kwin-effects-glass",
        "type": "github"
      }
    },
    "lsfg-vk-flake": {
      "inputs": {
        "nixpkgs": [
          "nixpkgs"
        ]
      },
      "locked": {
        "lastModified": 1756367273,
        "narHash": "sha256-u7/qG5xQxW+o51R2lBPj0NxU3oFrUwj78UlCKKNHGAc=",
        "owner": "pabloaul",
        "repo": "lsfg-vk-flake",
        "rev": "62aadfc844b2002abe47cbbc9dfd028033376248",
        "type": "github"
      },
      "original": {
        "owner": "pabloaul",
        "ref": "main",
        "repo": "lsfg-vk-flake",
        "type": "github"
      }
    },
    "mango": {
      "inputs": {
        "flake-parts": "flake-parts",
        "nixpkgs": [
          "nixpkgs"
        ],
        "scenefx": "scenefx"
      },
      "locked": {
        "lastModified": 1784441784,
        "narHash": "sha256-f5l8fsEqaX37sw4tAXpKQ4D3MOfrSQyulAvmUJgkqh8=",
        "owner": "mangowm",
        "repo": "mango",
        "rev": "90c12e8126f10a833b8074393b1cae7d995967e0",
        "type": "github"
      },
      "original": {
        "owner": "mangowm",
        "repo": "mango",
        "type": "github"
      }
    },
    "niri-flake": {
      "inputs": {
        "niri-stable": "niri-stable",
        "niri-unstable": "niri-unstable",
        "nixpkgs": [
          "nixpkgs"
        ],
        "nixpkgs-stable": "nixpkgs-stable",
        "xwayland-satellite-stable": "xwayland-satellite-stable",
        "xwayland-satellite-unstable": "xwayland-satellite-unstable"
      },
      "locked": {
        "lastModified": 1784380193,
        "narHash": "sha256-XnpNipcSNWg+l9aHV/Ha3W1ot/r5FC7OT3//zZ9Vjbs=",
        "owner": "sodiboo",
        "repo": "niri-flake",
        "rev": "26e0cddf2447ab5ec0824b1c9a076aa1480fc57a",
        "type": "github"
      },
      "original": {
        "owner": "sodiboo",
        "repo": "niri-flake",
        "type": "github"
      }
    },
    "niri-stable": {
      "flake": false,
      "locked": {
        "lastModified": 1756556321,
        "narHash": "sha256-RLD89dfjN0RVO86C/Mot0T7aduCygPGaYbog566F0Qo=",
        "owner": "YaLTeR",
        "repo": "niri",
        "rev": "01be0e65f4eb91a9cd624ac0b76aaeab765c7294",
        "type": "github"
      },
      "original": {
        "owner": "YaLTeR",
        "ref": "v25.08",
        "repo": "niri",
        "type": "github"
      }
    },
    "niri-unstable": {
      "flake": false,
      "locked": {
        "lastModified": 1783522755,
        "narHash": "sha256-dI0HkX1djETia7cD/Y64h8BNIsSOfTRMzfNum2J6UhE=",
        "owner": "YaLTeR",
        "repo": "niri",
        "rev": "0777769e719b7c9b7c980d4ea66288bfbb4da5b3",
        "type": "github"
      },
      "original": {
        "owner": "YaLTeR",
        "repo": "niri",
        "type": "github"
      }
    },
    "nix-cachyos-kernel": {
      "inputs": {
        "cachyos-kernel": "cachyos-kernel",
        "cachyos-kernel-patches": "cachyos-kernel-patches",
        "flake-compat": "flake-compat_2",
        "flake-parts": "flake-parts_2",
        "nixpkgs": "nixpkgs"
      },
      "locked": {
        "lastModified": 1783794640,
        "narHash": "sha256-SgzzS5GtMFv323ritWP8A3rwhjphB7AYTfHLNSXGX3c=",
        "owner": "xddxdd",
        "repo": "nix-cachyos-kernel",
        "rev": "6472f543b68e0b874603ad944419747815cfeb7a",
        "type": "github"
      },
      "original": {
        "owner": "xddxdd",
        "ref": "release",
        "repo": "nix-cachyos-kernel",
        "type": "github"
      }
    },
    "nix-flatpak": {
      "locked": {
        "lastModified": 1739444422,
        "narHash": "sha256-iAVVHi7X3kWORftY+LVbRiStRnQEob2TULWyjMS6dWg=",
        "owner": "gmodena",
        "repo": "nix-flatpak",
        "rev": "5e54c3ca05a7c7d968ae1ddeabe01d2a9bc1e177",
        "type": "github"
      },
      "original": {
        "owner": "gmodena",
        "ref": "v0.6.0",
        "repo": "nix-flatpak",
        "type": "github"
      }
    },
    "nixos-hardware": {
      "inputs": {
        "nixpkgs": "nixpkgs_2"
      },
      "locked": {
        "lastModified": 1784310968,
        "narHash": "sha256-rkSPTePrKqs4dg+i7ZFCq93+HrClac6oSwXX927SVjA=",
        "owner": "NixOS",
        "repo": "nixos-hardware",
        "rev": "779c32a00155994c86cde8213a8dd4df139d4355",
        "type": "github"
      },
      "original": {
        "owner": "NixOS",
        "repo": "nixos-hardware",
        "type": "github"
      }
    },
    "nixpkgs": {
      "locked": {
        "lastModified": 1783760736,
        "narHash": "sha256-PEXS6z/zIvH+O7J3Ua3N2OUE7IvMhhghwtKxZhVfm5U=",
        "owner": "NixOS",
        "repo": "nixpkgs",
        "rev": "bbb4df715cb62e53cd329090c2b69eb07f2bddac",
        "type": "github"
      },
      "original": {
        "owner": "NixOS",
        "ref": "nixos-unstable-small",
        "repo": "nixpkgs",
        "type": "github"
      }
    },
    "nixpkgs-darwin": {
      "locked": {
        "lastModified": 1784255083,
        "narHash": "sha256-0Jz8G3+3g6i/l4aISUri0EidLnREelCff0m6+pE6aZg=",
        "owner": "NixOS",
        "repo": "nixpkgs",
        "rev": "fc51889f81924f15fba77a3c0b79cfb3f78fe0d4",
        "type": "github"
      },
      "original": {
        "owner": "NixOS",
        "ref": "nixpkgs-26.05-darwin",
        "repo": "nixpkgs",
        "type": "github"
      }
    },
    "nixpkgs-lib": {
      "locked": {
        "lastModified": 1782614948,
        "narHash": "sha256-ePjCwr1sNm9NYUqywL7QfK3JnlS015msC+eBu2zKlp8=",
        "owner": "nix-community",
        "repo": "nixpkgs.lib",
        "rev": "db3f255737b94216eb71cce308e2912cf6bc2d7c",
        "type": "github"
      },
      "original": {
        "owner": "nix-community",
        "repo": "nixpkgs.lib",
        "type": "github"
      }
    },
    "nixpkgs-lib_2": {
      "locked": {
        "lastModified": 1782614948,
        "narHash": "sha256-ePjCwr1sNm9NYUqywL7QfK3JnlS015msC+eBu2zKlp8=",
        "owner": "nix-community",
        "repo": "nixpkgs.lib",
        "rev": "db3f255737b94216eb71cce308e2912cf6bc2d7c",
        "type": "github"
      },
      "original": {
        "owner": "nix-community",
        "repo": "nixpkgs.lib",
        "type": "github"
      }
    },
    "nixpkgs-master": {
      "locked": {
        "lastModified": 1784438855,
        "narHash": "sha256-cltBr/S0641ekoTSiOBT+mMDI+9VWA5guidPqGLWoik=",
        "owner": "NixOS",
        "repo": "nixpkgs",
        "rev": "7267c55255cdc13cfda3174fc4cc3a84ec37b3f8",
        "type": "github"
      },
      "original": {
        "owner": "NixOS",
        "ref": "master",
        "repo": "nixpkgs",
        "type": "github"
      }
    },
    "nixpkgs-stable": {
      "locked": {
        "lastModified": 1782847189,
        "narHash": "sha256-twXPFqFsrrY5r28Zh7Homgcp2gUMBgQ6WDS98Q/3xFI=",
        "owner": "NixOS",
        "repo": "nixpkgs",
        "rev": "b6018f87da91d19d0ab4cf979885689b469cdd41",
        "type": "github"
      },
      "original": {
        "owner": "NixOS",
        "ref": "nixos-25.11",
        "repo": "nixpkgs",
        "type": "github"
      }
    },
    "nixpkgs_2": {
      "locked": {
        "lastModified": 1767892417,
        "narHash": "sha256-8bW3q88CEg2u4hSP66Vf4lpbLonHz7hqDNBMcCY7E9U=",
        "rev": "3497aa5c9457a9d88d71fa93a4a8368816fbeeba",
        "type": "tarball",
        "url": "https://releases.nixos.org/nixos/unstable/nixos-26.05pre924538.3497aa5c9457/nixexprs.tar.xz"
      },
      "original": {
        "type": "tarball",
        "url": "https://channels.nixos.org/nixos-unstable/nixexprs.tar.xz"
      }
    },
    "nixpkgs_3": {
      "locked": {
        "lastModified": 1784356753,
        "narHash": "sha256-12KrbMiWLcf8m7pCvAtZh1ZrgF85ZXDXvfR/fWTKy84=",
        "owner": "NixOS",
        "repo": "nixpkgs",
        "rev": "61b7c44c4073f0b827768aff0049561b5110ea5a",
        "type": "github"
      },
      "original": {
        "owner": "NixOS",
        "ref": "nixos-unstable",
        "repo": "nixpkgs",
        "type": "github"
      }
    },
    "nixpkgs_4": {
      "locked": {
        "lastModified": 1784356753,
        "narHash": "sha256-12KrbMiWLcf8m7pCvAtZh1ZrgF85ZXDXvfR/fWTKy84=",
        "owner": "nixos",
        "repo": "nixpkgs",
        "rev": "61b7c44c4073f0b827768aff0049561b5110ea5a",
        "type": "github"
      },
      "original": {
        "owner": "nixos",
        "ref": "nixos-unstable",
        "repo": "nixpkgs",
        "type": "github"
      }
    },
    "nixpkgs_5": {
      "locked": {
        "lastModified": 1756542300,
        "narHash": "sha256-tlOn88coG5fzdyqz6R93SQL5Gpq+m/DsWpekNFhqPQk=",
        "owner": "NixOS",
        "repo": "nixpkgs",
        "rev": "d7600c775f877cd87b4f5a831c28aa94137377aa",
        "type": "github"
      },
      "original": {
        "owner": "NixOS",
        "ref": "nixos-unstable",
        "repo": "nixpkgs",
        "type": "github"
      }
    },
    "nixpkgs_6": {
      "locked": {
        "lastModified": 1783776592,
        "narHash": "sha256-+GVwKnbbSmf4cWMJyRzvw8H5yFknmkLoPD5v6snqPzo=",
        "rev": "e7a3ca8092b61ff85b6a45bf863ea2b2d6a661b3",
        "type": "tarball",
        "url": "https://releases.nixos.org/nixos/unstable/nixos-26.11pre1032869.e7a3ca8092b6/nixexprs.tar.xz"
      },
      "original": {
        "type": "tarball",
        "url": "https://channels.nixos.org/nixos-unstable/nixexprs.tar.xz"
      }
    },
    "nixpkgs_7": {
      "locked": {
        "lastModified": 1776877367,
        "narHash": "sha256-EHq1/OX139R1RvBzOJ0aMRT3xnWyqtHBRUBuO1gFzjI=",
        "owner": "nixos",
        "repo": "nixpkgs",
        "rev": "0726a0ecb6d4e08f6adced58726b95db924cef57",
        "type": "github"
      },
      "original": {
        "owner": "nixos",
        "ref": "nixos-unstable",
        "repo": "nixpkgs",
        "type": "github"
      }
    },
    "nur": {
      "inputs": {
        "flake-parts": "flake-parts_3",
        "nixpkgs": "nixpkgs_4"
      },
      "locked": {
        "lastModified": 1784441654,
        "narHash": "sha256-YI6rsqPotSwVteuBSD0GnMxExca14Kb2QOrcNF5wv+M=",
        "owner": "nix-community",
        "repo": "NUR",
        "rev": "fdcb82db70afaac67d5096e9b296c2d3252cc6fb",
        "type": "github"
      },
      "original": {
        "owner": "nix-community",
        "repo": "NUR",
        "type": "github"
      }
    },
    "plasma-manager": {
      "inputs": {
        "home-manager": "home-manager_2",
        "nixpkgs": "nixpkgs_5"
      },
      "locked": {
        "lastModified": 1763909441,
        "narHash": "sha256-56LwV51TX/FhgX+5LCG6akQ5KrOWuKgcJa+eUsRMxsc=",
        "owner": "AlexNabokikh",
        "repo": "plasma-manager",
        "rev": "b24ed4b272256dfc1cc2291f89a9821d5f9e14b4",
        "type": "github"
      },
      "original": {
        "owner": "AlexNabokikh",
        "repo": "plasma-manager",
        "type": "github"
      }
    },
    "quickshell-git": {
      "inputs": {
        "nixpkgs": [
          "nixpkgs"
        ]
      },
      "locked": {
        "lastModified": 1756981260,
        "narHash": "sha256-GhuD9QVimjynHI0OOyZsqJsnlXr2orowh9H+HYz4YMs=",
        "ref": "refs/heads/master",
        "rev": "6eb12551baf924f8fdecdd04113863a754259c34",
        "revCount": 672,
        "type": "git",
        "url": "https://git.outfoxxed.me/quickshell/quickshell"
      },
      "original": {
        "rev": "6eb12551baf924f8fdecdd04113863a754259c34",
        "type": "git",
        "url": "https://git.outfoxxed.me/quickshell/quickshell"
      }
    },
    "root": {
      "inputs": {
        "dgop": "dgop",
        "dms": "dms",
        "gsr-ui-nix": "gsr-ui-nix",
        "helium": "helium",
        "home-manager": "home-manager",
        "kwin-effects-glass": "kwin-effects-glass",
        "lsfg-vk-flake": "lsfg-vk-flake",
        "mango": "mango",
        "niri-flake": "niri-flake",
        "nix-cachyos-kernel": "nix-cachyos-kernel",
        "nix-flatpak": "nix-flatpak",
        "nixos-hardware": "nixos-hardware",
        "nixpkgs": "nixpkgs_3",
        "nixpkgs-master": "nixpkgs-master",
        "nur": "nur",
        "plasma-manager": "plasma-manager",
        "quickshell-git": "quickshell-git",
        "spicetify-nix": "spicetify-nix",
        "textfox": "textfox"
      }
    },
    "scenefx": {
      "inputs": {
        "flake-utils": "flake-utils_2",
        "nixpkgs": [
          "mango",
          "nixpkgs"
        ],
        "systems": "systems_4"
      },
      "locked": {
        "lastModified": 1782624992,
        "narHash": "sha256-vUjLG6eubEhJJVa9LPygIcVmNoHwYbSUTJcWEcbxnU4=",
        "owner": "wlrfx",
        "repo": "scenefx",
        "rev": "37ccd723bef49e6891156ffafce8f549f01446cc",
        "type": "github"
      },
      "original": {
        "owner": "wlrfx",
        "repo": "scenefx",
        "type": "github"
      }
    },
    "spicetify-nix": {
      "inputs": {
        "nixpkgs": "nixpkgs_6",
        "systems": "systems_5"
      },
      "locked": {
        "lastModified": 1783838433,
        "narHash": "sha256-Zb8+v76qSPYDlUea1y30YzgdEoDjA97vRmeqfPAqwZs=",
        "owner": "Gerg-L",
        "repo": "spicetify-nix",
        "rev": "c6ab7371e40abd405313af9bddafd5f37cc94f83",
        "type": "github"
      },
      "original": {
        "owner": "Gerg-L",
        "repo": "spicetify-nix",
        "type": "github"
      }
    },
    "systems": {
      "locked": {
        "lastModified": 1681028828,
        "narHash": "sha256-Vy1rq5AaRuLzOxct8nz4T6wlgyUR7zLU309k9mBC768=",
        "owner": "nix-systems",
        "repo": "default",
        "rev": "da67096a3b9bf56a91d16901293e51ba5b49a27e",
        "type": "github"
      },
      "original": {
        "owner": "nix-systems",
        "repo": "default",
        "type": "github"
      }
    },
    "systems_2": {
      "locked": {
        "lastModified": 1681028828,
        "narHash": "sha256-Vy1rq5AaRuLzOxct8nz4T6wlgyUR7zLU309k9mBC768=",
        "owner": "nix-systems",
        "repo": "default",
        "rev": "da67096a3b9bf56a91d16901293e51ba5b49a27e",
        "type": "github"
      },
      "original": {
        "owner": "nix-systems",
        "repo": "default",
        "type": "github"
      }
    },
    "systems_3": {
      "locked": {
        "lastModified": 1681028828,
        "narHash": "sha256-Vy1rq5AaRuLzOxct8nz4T6wlgyUR7zLU309k9mBC768=",
        "owner": "nix-systems",
        "repo": "default",
        "rev": "da67096a3b9bf56a91d16901293e51ba5b49a27e",
        "type": "github"
      },
      "original": {
        "owner": "nix-systems",
        "repo": "default",
        "type": "github"
      }
    },
    "systems_4": {
      "locked": {
        "lastModified": 1689347949,
        "narHash": "sha256-12tWmuL2zgBgZkdoB6qXZsgJEH9LR3oUgpaQq2RbI80=",
        "owner": "nix-systems",
        "repo": "default-linux",
        "rev": "31732fcf5e8fea42e59c2488ad31a0e651500f68",
        "type": "github"
      },
      "original": {
        "owner": "nix-systems",
        "repo": "default-linux",
        "type": "github"
      }
    },
    "systems_5": {
      "locked": {
        "lastModified": 1681028828,
        "narHash": "sha256-Vy1rq5AaRuLzOxct8nz4T6wlgyUR7zLU309k9mBC768=",
        "owner": "nix-systems",
        "repo": "default",
        "rev": "da67096a3b9bf56a91d16901293e51ba5b49a27e",
        "type": "github"
      },
      "original": {
        "owner": "nix-systems",
        "repo": "default",
        "type": "github"
      }
    },
    "textfox": {
      "inputs": {
        "nixpkgs": "nixpkgs_7"
      },
      "locked": {
        "lastModified": 1780405768,
        "narHash": "sha256-WhPHaupeq5yWP53anFH6vr/ZMQQtAYGtpgUhzqWx9Ws=",
        "owner": "adriankarlen",
        "repo": "textfox",
        "rev": "d6895da75f10fa17f1b637759aec3d84818b20e2",
        "type": "github"
      },
      "original": {
        "owner": "adriankarlen",
        "repo": "textfox",
        "type": "github"
      }
    },
    "utils": {
      "inputs": {
        "systems": "systems_2"
      },
      "locked": {
        "lastModified": 1731533236,
        "narHash": "sha256-l0KFg5HjrsfsO/JpG+r7fRrqm12kzFHyUHqHCVpMMbI=",
        "owner": "numtide",
        "repo": "flake-utils",
        "rev": "11707dc2f618dd54ca8739b309ec4fc024de578b",
        "type": "github"
      },
      "original": {
        "owner": "numtide",
        "repo": "flake-utils",
        "type": "github"
      }
    },
    "utils_2": {
      "inputs": {
        "systems": "systems_3"
      },
      "locked": {
        "lastModified": 1731533236,
        "narHash": "sha256-l0KFg5HjrsfsO/JpG+r7fRrqm12kzFHyUHqHCVpMMbI=",
        "owner": "numtide",
        "repo": "flake-utils",
        "rev": "11707dc2f618dd54ca8739b309ec4fc024de578b",
        "type": "github"
      },
      "original": {
        "owner": "numtide",
        "repo": "flake-utils",
        "type": "github"
      }
    },
    "xwayland-satellite-stable": {
      "flake": false,
      "locked": {
        "lastModified": 1755491097,
        "narHash": "sha256-m+9tUfsmBeF2Gn4HWa6vSITZ4Gz1eA1F5Kh62B0N4oE=",
        "owner": "Supreeeme",
        "repo": "xwayland-satellite",
        "rev": "388d291e82ffbc73be18169d39470f340707edaa",
        "type": "github"
      },
      "original": {
        "owner": "Supreeeme",
        "ref": "v0.7",
        "repo": "xwayland-satellite",
        "type": "github"
      }
    },
    "xwayland-satellite-unstable": {
      "flake": false,
      "locked": {
        "lastModified": 1783895132,
        "narHash": "sha256-Dl0Gvrig3EpE962hzF3ETPhUztlfuRhcmlpd8ioHN54=",
        "owner": "Supreeeme",
        "repo": "xwayland-satellite",
        "rev": "a2b5c635d8c8c99b286967658d0d177044887eb8",
        "type": "github"
      },
      "original": {
        "owner": "Supreeeme",
        "repo": "xwayland-satellite",
        "type": "github"
      }
    }
  },
  "root": "root",
  "version": 7
}
